{
  "name": "tspotify-test",
  "requires": true,
  "lockfileVersion": 1,
  "dependencies": {
    "@discordjs/collection": {
      "version": "0.1.6",
      "resolved": "https://registry.npmjs.org/@discordjs/collection/-/collection-0.1.6.tgz",
      "integrity": "sha512-utRNxnd9kSS2qhyivo9lMlt5qgAUasH2gb7BEOn6p0efFh24gjGomHzWKMAPn2hEReOPQZCJaRKoURwRotKucQ=="
    },
    "node-fetch": {
      "version": "2.6.1",
      "resolved": "https://registry.npmjs.org/node-fetch/-/node-fetch-2.6.1.tgz",
      "integrity": "sha512-V4aYg89jEoVRxRb2fJdAg8FHvI7cEyYdVAh94HH0UIK8oJxUfkjlDQN9RbMx+bEjP7+ggMiFRprSti032Oipxw=="
    },
    "tspotify": {
      "version": "0.0.8",
      "resolved": "https://registry.npmjs.org/tspotify/-/tspotify-0.0.8.tgz",
      "integrity": "sha512-7bkY6kzK2L0l/79/eZ7JOi52Fb6Uk0586BrCBHh6FWLCeUcugYdF2TKG87BlOLQeuhjJv1HmBH2JdEUw8qYHJQ==",
      "requires": {
        "@discordjs/collection": "^0.1.6",
        "node-fetch": "^2.6.1"
      }
    }
  }
}
